
Microsoft Visual Studio Solution File, Format Version 12.00
# Visual Studio 15
Project("{FAE04EC0-301F-11D3-BF4B-00C04F79EFBC}") = "Assembly-CSharp", "Assembly-CSharp.csproj", "{F87575F6-E4D7-5E24-C919-56542387B098}"
EndProject
Project("{FAE04EC0-301F-11D3-BF4B-00C04F79EFBC}") = "Unity.XR.Interaction.Toolkit.Samples.DeviceSimulator", "Unity.XR.Interaction.Toolkit.Samples.DeviceSimulator.csproj", "{67495FE9-E5BD-AD48-3A61-5463DE6FE166}"
EndProject
Project("{FAE04EC0-301F-11D3-BF4B-00C04F79EFBC}") = "Unity.XR.Interaction.Toolkit.Samples.StarterAssets", "Unity.XR.Interaction.Toolkit.Samples.StarterAssets.csproj", "{7E2D2DA5-5D09-6C8D-47F0-99045195D4D8}"
EndProject
Project("{FAE04EC0-301F-11D3-BF4B-00C04F79EFBC}") = "Assembly-CSharp-Editor", "Assembly-CSharp-Editor.csproj", "{04202332-DD7B-A45B-856D-A037D58A91A2}"
EndProject
Project("{FAE04EC0-301F-11D3-BF4B-00C04F79EFBC}") = "Unity.XR.Interaction.Toolkit.Samples.StarterAssets.Editor", "Unity.XR.Interaction.Toolkit.Samples.StarterAssets.Editor.csproj", "{9634178F-1871-93DC-BA7A-EA71B2784193}"
EndProject
Global
	GlobalSection(SolutionConfigurationPlatforms) = preSolution
		Debug|Any CPU = Debug|Any CPU
		Release|Any CPU = Release|Any CPU
	EndGlobalSection
	GlobalSection(ProjectConfigurationPlatforms) = postSolution
		{F87575F6-E4D7-5E24-C919-56542387B098}.Debug|Any CPU.ActiveCfg = Debug|Any CPU
		{F87575F6-E4D7-5E24-C919-56542387B098}.Debug|Any CPU.Build.0 = Debug|Any CPU
		{F87575F6-E4D7-5E24-C919-56542387B098}.Release|Any CPU.ActiveCfg = Release|Any CPU
		{F87575F6-E4D7-5E24-C919-56542387B098}.Release|Any CPU.Build.0 = Release|Any CPU
		{67495FE9-E5BD-AD48-3A61-5463DE6FE166}.Debug|Any CPU.ActiveCfg = Debug|Any CPU
		{67495FE9-E5BD-AD48-3A61-5463DE6FE166}.Debug|Any CPU.Build.0 = Debug|Any CPU
		{67495FE9-E5BD-AD48-3A61-5463DE6FE166}.Release|Any CPU.ActiveCfg = Release|Any CPU
		{67495FE9-E5BD-AD48-3A61-5463DE6FE166}.Release|Any CPU.Build.0 = Release|Any CPU
		{7E2D2DA5-5D09-6C8D-47F0-99045195D4D8}.Debug|Any CPU.ActiveCfg = Debug|Any CPU
		{7E2D2DA5-5D09-6C8D-47F0-99045195D4D8}.Debug|Any CPU.Build.0 = Debug|Any CPU
		{7E2D2DA5-5D09-6C8D-47F0-99045195D4D8}.Release|Any CPU.ActiveCfg = Release|Any CPU
		{7E2D2DA5-5D09-6C8D-47F0-99045195D4D8}.Release|Any CPU.Build.0 = Release|Any CPU
		{04202332-DD7B-A45B-856D-A037D58A91A2}.Debug|Any CPU.ActiveCfg = Debug|Any CPU
		{04202332-DD7B-A45B-856D-A037D58A91A2}.Debug|Any CPU.Build.0 = Debug|Any CPU
		{04202332-DD7B-A45B-856D-A037D58A91A2}.Release|Any CPU.ActiveCfg = Release|Any CPU
		{04202332-DD7B-A45B-856D-A037D58A91A2}.Release|Any CPU.Build.0 = Release|Any CPU
		{9634178F-1871-93DC-BA7A-EA71B2784193}.Debug|Any CPU.ActiveCfg = Debug|Any CPU
		{9634178F-1871-93DC-BA7A-EA71B2784193}.Debug|Any CPU.Build.0 = Debug|Any CPU
		{9634178F-1871-93DC-BA7A-EA71B2784193}.Release|Any CPU.ActiveCfg = Release|Any CPU
		{9634178F-1871-93DC-BA7A-EA71B2784193}.Release|Any CPU.Build.0 = Release|Any CPU
	EndGlobalSection
	GlobalSection(SolutionProperties) = preSolution
		HideSolutionNode = FALSE
	EndGlobalSection
EndGlobal
